
Microsoft Visual Studio Solution File, Format Version 12.00
# Visual Studio 15
VisualStudioVersion = 15.0.28010.2016
MinimumVisualStudioVersion = 10.0.40219.1
Project("{FAE04EC0-301F-11D3-BF4B-00C04F79EFBC}") = "AirportInfo.Android", "AirportInfo\AirportInfo.Android\AirportInfo.Android.csproj", "{131F9006-BA31-4F91-B125-70A87252BEBA}"
EndProject
Project("{FAE04EC0-301F-11D3-BF4B-00C04F79EFBC}") = "AirportInfo.iOS", "AirportInfo\AirportInfo.iOS\AirportInfo.iOS.csproj", "{78B911F3-310D-453D-9C6E-D4F7397D26EC}"
EndProject
Project("{FAE04EC0-301F-11D3-BF4B-00C04F79EFBC}") = "AirportInfo.UWP", "AirportInfo\AirportInfo.UWP\AirportInfo.UWP.csproj", "{6101FBF5-9A85-4E5C-8E78-8F21638F09C3}"
EndProject
Project("{FAE04EC0-301F-11D3-BF4B-00C04F79EFBC}") = "AirportInfo", "AirportInfo\AirportInfo\AirportInfo.csproj", "{A5C4DC3C-53E2-4E8F-BA3E-D34065177F24}"
EndProject
Global
	GlobalSection(SolutionConfigurationPlatforms) = preSolution
		Ad-Hoc|Any CPU = Ad-Hoc|Any CPU
		Ad-Hoc|ARM = Ad-Hoc|ARM
		Ad-Hoc|iPhone = Ad-Hoc|iPhone
		Ad-Hoc|iPhoneSimulator = Ad-Hoc|iPhoneSimulator
		Ad-Hoc|x64 = Ad-Hoc|x64
		Ad-Hoc|x86 = Ad-Hoc|x86
		AppStore|Any CPU = AppStore|Any CPU
		AppStore|ARM = AppStore|ARM
		AppStore|iPhone = AppStore|iPhone
		AppStore|iPhoneSimulator = AppStore|iPhoneSimulator
		AppStore|x64 = AppStore|x64
		AppStore|x86 = AppStore|x86
		Debug|Any CPU = Debug|Any CPU
		Debug|ARM = Debug|ARM
		Debug|iPhone = Debug|iPhone
		Debug|iPhoneSimulator = Debug|iPhoneSimulator
		Debug|x64 = Debug|x64
		Debug|x86 = Debug|x86
		Release|Any CPU = Release|Any CPU
		Release|ARM = Release|ARM
		Release|iPhone = Release|iPhone
		Release|iPhoneSimulator = Release|iPhoneSimulator
		Release|x64 = Release|x64
		Release|x86 = Release|x86
	EndGlobalSection
	GlobalSection(ProjectConfigurationPlatforms) = postSolution
		{131F9006-BA31-4F91-B125-70A87252BEBA}.Ad-Hoc|Any CPU.ActiveCfg = Release|Any CPU
		{131F9006-BA31-4F91-B125-70A87252BEBA}.Ad-Hoc|Any CPU.Build.0 = Release|Any CPU
		{131F9006-BA31-4F91-B125-70A87252BEBA}.Ad-Hoc|Any CPU.Deploy.0 = Release|Any CPU
		{131F9006-BA31-4F91-B125-70A87252BEBA}.Ad-Hoc|ARM.ActiveCfg = Release|Any CPU
		{131F9006-BA31-4F91-B125-70A87252BEBA}.Ad-Hoc|ARM.Build.0 = Release|Any CPU
		{131F9006-BA31-4F91-B125-70A87252BEBA}.Ad-Hoc|ARM.Deploy.0 = Release|Any CPU
		{131F9006-BA31-4F91-B125-70A87252BEBA}.Ad-Hoc|iPhone.ActiveCfg = Release|Any CPU
		{131F9006-BA31-4F91-B125-70A87252BEBA}.Ad-Hoc|iPhone.Build.0 = Release|Any CPU
		{131F9006-BA31-4F91-B125-70A87252BEBA}.Ad-Hoc|iPhone.Deploy.0 = Release|Any CPU
		{131F9006-BA31-4F91-B125-70A87252BEBA}.Ad-Hoc|iPhoneSimulator.ActiveCfg = Release|Any CPU
		{131F9006-BA31-4F91-B125-70A87252BEBA}.Ad-Hoc|iPhoneSimulator.Build.0 = Release|Any CPU
		{131F9006-BA31-4F91-B125-70A87252BEBA}.Ad-Hoc|iPhoneSimulator.Deploy.0 = Release|Any CPU
		{131F9006-BA31-4F91-B125-70A87252BEBA}.Ad-Hoc|x64.ActiveCfg = Release|Any CPU
		{131F9006-BA31-4F91-B125-70A87252BEBA}.Ad-Hoc|x64.Build.0 = Release|Any CPU
		{131F9006-BA31-4F91-B125-70A87252BEBA}.Ad-Hoc|x64.Deploy.0 = Release|Any CPU
		{131F9006-BA31-4F91-B125-70A87252BEBA}.Ad-Hoc|x86.ActiveCfg = Release|Any CPU
		{131F9006-BA31-4F91-B125-70A87252BEBA}.Ad-Hoc|x86.Build.0 = Release|Any CPU
		{131F9006-BA31-4F91-B125-70A87252BEBA}.Ad-Hoc|x86.Deploy.0 = Release|Any CPU
		{131F9006-BA31-4F91-B125-70A87252BEBA}.AppStore|Any CPU.ActiveCfg = Release|Any CPU
		{131F9006-BA31-4F91-B125-70A87252BEBA}.AppStore|Any CPU.Build.0 = Release|Any CPU
		{131F9006-BA31-4F91-B125-70A87252BEBA}.AppStore|Any CPU.Deploy.0 = Release|Any CPU
		{131F9006-BA31-4F91-B125-70A87252BEBA}.AppStore|ARM.ActiveCfg = Release|Any CPU
		{131F9006-BA31-4F91-B125-70A87252BEBA}.AppStore|ARM.Build.0 = Release|Any CPU
		{131F9006-BA31-4F91-B125-70A87252BEBA}.AppStore|ARM.Deploy.0 = Release|Any CPU
		{131F9006-BA31-4F91-B125-70A87252BEBA}.AppStore|iPhone.ActiveCfg = Release|Any CPU
		{131F9006-BA31-4F91-B125-70A87252BEBA}.AppStore|iPhone.Build.0 = Release|Any CPU
		{131F9006-BA31-4F91-B125-70A87252BEBA}.AppStore|iPhone.Deploy.0 = Release|Any CPU
		{131F9006-BA31-4F91-B125-70A87252BEBA}.AppStore|iPhoneSimulator.ActiveCfg = Release|Any CPU
		{131F9006-BA31-4F91-B125-70A87252BEBA}.AppStore|iPhoneSimulator.Build.0 = Release|Any CPU
		{131F9006-BA31-4F91-B125-70A87252BEBA}.AppStore|iPhoneSimulator.Deploy.0 = Release|Any CPU
		{131F9006-BA31-4F91-B125-70A87252BEBA}.AppStore|x64.ActiveCfg = Release|Any CPU
		{131F9006-BA31-4F91-B125-70A87252BEBA}.AppStore|x64.Build.0 = Release|Any CPU
		{131F9006-BA31-4F91-B125-70A87252BEBA}.AppStore|x64.Deploy.0 = Release|Any CPU
		{131F9006-BA31-4F91-B125-70A87252BEBA}.AppStore|x86.ActiveCfg = Release|Any CPU
		{131F9006-BA31-4F91-B125-70A87252BEBA}.AppStore|x86.Build.0 = Release|Any CPU
		{131F9006-BA31-4F91-B125-70A87252BEBA}.AppStore|x86.Deploy.0 = Release|Any CPU
		{131F9006-BA31-4F91-B125-70A87252BEBA}.Debug|Any CPU.ActiveCfg = Debug|Any CPU
		{131F9006-BA31-4F91-B125-70A87252BEBA}.Debug|Any CPU.Build.0 = Debug|Any CPU
		{131F9006-BA31-4F91-B125-70A87252BEBA}.Debug|Any CPU.Deploy.0 = Debug|Any CPU
		{131F9006-BA31-4F91-B125-70A87252BEBA}.Debug|ARM.ActiveCfg = Debug|Any CPU
		{131F9006-BA31-4F91-B125-70A87252BEBA}.Debug|ARM.Build.0 = Debug|Any CPU
		{131F9006-BA31-4F91-B125-70A87252BEBA}.Debug|ARM.Deploy.0 = Debug|Any CPU
		{131F9006-BA31-4F91-B125-70A87252BEBA}.Debug|iPhone.ActiveCfg = Debug|Any CPU
		{131F9006-BA31-4F91-B125-70A87252BEBA}.Debug|iPhone.Build.0 = Debug|Any CPU
		{131F9006-BA31-4F91-B125-70A87252BEBA}.Debug|iPhone.Deploy.0 = Debug|Any CPU
		{131F9006-BA31-4F91-B125-70A87252BEBA}.Debug|iPhoneSimulator.ActiveCfg = Debug|Any CPU
		{131F9006-BA31-4F91-B125-70A87252BEBA}.Debug|iPhoneSimulator.Build.0 = Debug|Any CPU
		{131F9006-BA31-4F91-B125-70A87252BEBA}.Debug|iPhoneSimulator.Deploy.0 = Debug|Any CPU
		{131F9006-BA31-4F91-B125-70A87252BEBA}.Debug|x64.ActiveCfg = Debug|Any CPU
		{131F9006-BA31-4F91-B125-70A87252BEBA}.Debug|x64.Build.0 = Debug|Any CPU
		{131F9006-BA31-4F91-B125-70A87252BEBA}.Debug|x64.Deploy.0 = Debug|Any CPU
		{131F9006-BA31-4F91-B125-70A87252BEBA}.Debug|x86.ActiveCfg = Debug|Any CPU
		{131F9006-BA31-4F91-B125-70A87252BEBA}.Debug|x86.Build.0 = Debug|Any CPU
		{131F9006-BA31-4F91-B125-70A87252BEBA}.Debug|x86.Deploy.0 = Debug|Any CPU
		{131F9006-BA31-4F91-B125-70A87252BEBA}.Release|Any CPU.ActiveCfg = Release|Any CPU
		{131F9006-BA31-4F91-B125-70A87252BEBA}.Release|Any CPU.Build.0 = Release|Any CPU
		{131F9006-BA31-4F91-B125-70A87252BEBA}.Release|Any CPU.Deploy.0 = Release|Any CPU
		{131F9006-BA31-4F91-B125-70A87252BEBA}.Release|ARM.ActiveCfg = Release|Any CPU
		{131F9006-BA31-4F91-B125-70A87252BEBA}.Release|ARM.Build.0 = Release|Any CPU
		{131F9006-BA31-4F91-B125-70A87252BEBA}.Release|ARM.Deploy.0 = Release|Any CPU
		{131F9006-BA31-4F91-B125-70A87252BEBA}.Release|iPhone.ActiveCfg = Release|Any CPU
		{131F9006-BA31-4F91-B125-70A87252BEBA}.Release|iPhone.Build.0 = Release|Any CPU
		{131F9006-BA31-4F91-B125-70A87252BEBA}.Release|iPhone.Deploy.0 = Release|Any CPU
		{131F9006-BA31-4F91-B125-70A87252BEBA}.Release|iPhoneSimulator.ActiveCfg = Release|Any CPU
		{131F9006-BA31-4F91-B125-70A87252BEBA}.Release|iPhoneSimulator.Build.0 = Release|Any CPU
		{131F9006-BA31-4F91-B125-70A87252BEBA}.Release|iPhoneSimulator.Deploy.0 = Release|Any CPU
		{131F9006-BA31-4F91-B125-70A87252BEBA}.Release|x64.ActiveCfg = Release|Any CPU
		{131F9006-BA31-4F91-B125-70A87252BEBA}.Release|x64.Build.0 = Release|Any CPU
		{131F9006-BA31-4F91-B125-70A87252BEBA}.Release|x64.Deploy.0 = Release|Any CPU
		{131F9006-BA31-4F91-B125-70A87252BEBA}.Release|x86.ActiveCfg = Release|Any CPU
		{131F9006-BA31-4F91-B125-70A87252BEBA}.Release|x86.Build.0 = Release|Any CPU
		{131F9006-BA31-4F91-B125-70A87252BEBA}.Release|x86.Deploy.0 = Release|Any CPU
		{78B911F3-310D-453D-9C6E-D4F7397D26EC}.Ad-Hoc|Any CPU.ActiveCfg = Ad-Hoc|iPhone
		{78B911F3-310D-453D-9C6E-D4F7397D26EC}.Ad-Hoc|Any CPU.Build.0 = Ad-Hoc|iPhone
		{78B911F3-310D-453D-9C6E-D4F7397D26EC}.Ad-Hoc|Any CPU.Deploy.0 = Ad-Hoc|iPhone
		{78B911F3-310D-453D-9C6E-D4F7397D26EC}.Ad-Hoc|ARM.ActiveCfg = Ad-Hoc|iPhone
		{78B911F3-310D-453D-9C6E-D4F7397D26EC}.Ad-Hoc|ARM.Build.0 = Ad-Hoc|iPhone
		{78B911F3-310D-453D-9C6E-D4F7397D26EC}.Ad-Hoc|ARM.Deploy.0 = Ad-Hoc|iPhone
		{78B911F3-310D-453D-9C6E-D4F7397D26EC}.Ad-Hoc|iPhone.ActiveCfg = Ad-Hoc|iPhone
		{78B911F3-310D-453D-9C6E-D4F7397D26EC}.Ad-Hoc|iPhone.Build.0 = Ad-Hoc|iPhone
		{78B911F3-310D-453D-9C6E-D4F7397D26EC}.Ad-Hoc|iPhone.Deploy.0 = Ad-Hoc|iPhone
		{78B911F3-310D-453D-9C6E-D4F7397D26EC}.Ad-Hoc|iPhoneSimulator.ActiveCfg = Ad-Hoc|iPhoneSimulator
		{78B911F3-310D-453D-9C6E-D4F7397D26EC}.Ad-Hoc|iPhoneSimulator.Build.0 = Ad-Hoc|iPhoneSimulator
		{78B911F3-310D-453D-9C6E-D4F7397D26EC}.Ad-Hoc|iPhoneSimulator.Deploy.0 = Ad-Hoc|iPhoneSimulator
		{78B911F3-310D-453D-9C6E-D4F7397D26EC}.Ad-Hoc|x64.ActiveCfg = Ad-Hoc|iPhone
		{78B911F3-310D-453D-9C6E-D4F7397D26EC}.Ad-Hoc|x64.Build.0 = Ad-Hoc|iPhone
		{78B911F3-310D-453D-9C6E-D4F7397D26EC}.Ad-Hoc|x64.Deploy.0 = Ad-Hoc|iPhone
		{78B911F3-310D-453D-9C6E-D4F7397D26EC}.Ad-Hoc|x86.ActiveCfg = Ad-Hoc|iPhone
		{78B911F3-310D-453D-9C6E-D4F7397D26EC}.Ad-Hoc|x86.Build.0 = Ad-Hoc|iPhone
		{78B911F3-310D-453D-9C6E-D4F7397D26EC}.Ad-Hoc|x86.Deploy.0 = Ad-Hoc|iPhone
		{78B911F3-310D-453D-9C6E-D4F7397D26EC}.AppStore|Any CPU.ActiveCfg = AppStore|iPhone
		{78B911F3-310D-453D-9C6E-D4F7397D26EC}.AppStore|Any CPU.Build.0 = AppStore|iPhone
		{78B911F3-310D-453D-9C6E-D4F7397D26EC}.AppStore|Any CPU.Deploy.0 = AppStore|iPhone
		{78B911F3-310D-453D-9C6E-D4F7397D26EC}.AppStore|ARM.ActiveCfg = AppStore|iPhone
		{78B911F3-310D-453D-9C6E-D4F7397D26EC}.AppStore|ARM.Build.0 = AppStore|iPhone
		{78B911F3-310D-453D-9C6E-D4F7397D26EC}.AppStore|ARM.Deploy.0 = AppStore|iPhone
		{78B911F3-310D-453D-9C6E-D4F7397D26EC}.AppStore|iPhone.ActiveCfg = AppStore|iPhone
		{78B911F3-310D-453D-9C6E-D4F7397D26EC}.AppStore|iPhone.Build.0 = AppStore|iPhone
		{78B911F3-310D-453D-9C6E-D4F7397D26EC}.AppStore|iPhone.Deploy.0 = AppStore|iPhone
		{78B911F3-310D-453D-9C6E-D4F7397D26EC}.AppStore|iPhoneSimulator.ActiveCfg = AppStore|iPhoneSimulator
		{78B911F3-310D-453D-9C6E-D4F7397D26EC}.AppStore|iPhoneSimulator.Build.0 = AppStore|iPhoneSimulator
		{78B911F3-310D-453D-9C6E-D4F7397D26EC}.AppStore|iPhoneSimulator.Deploy.0 = AppStore|iPhoneSimulator
		{78B911F3-310D-453D-9C6E-D4F7397D26EC}.AppStore|x64.ActiveCfg = AppStore|iPhone
		{78B911F3-310D-453D-9C6E-D4F7397D26EC}.AppStore|x64.Build.0 = AppStore|iPhone
		{78B911F3-310D-453D-9C6E-D4F7397D26EC}.AppStore|x64.Deploy.0 = AppStore|iPhone
		{78B911F3-310D-453D-9C6E-D4F7397D26EC}.AppStore|x86.ActiveCfg = AppStore|iPhone
		{78B911F3-310D-453D-9C6E-D4F7397D26EC}.AppStore|x86.Build.0 = AppStore|iPhone
		{78B911F3-310D-453D-9C6E-D4F7397D26EC}.AppStore|x86.Deploy.0 = AppStore|iPhone
		{78B911F3-310D-453D-9C6E-D4F7397D26EC}.Debug|Any CPU.ActiveCfg = Debug|iPhoneSimulator
		{78B911F3-310D-453D-9C6E-D4F7397D26EC}.Debug|Any CPU.Build.0 = Debug|iPhoneSimulator
		{78B911F3-310D-453D-9C6E-D4F7397D26EC}.Debug|Any CPU.Deploy.0 = Debug|iPhoneSimulator
		{78B911F3-310D-453D-9C6E-D4F7397D26EC}.Debug|ARM.ActiveCfg = Debug|iPhone
		{78B911F3-310D-453D-9C6E-D4F7397D26EC}.Debug|ARM.Build.0 = Debug|iPhone
		{78B911F3-310D-453D-9C6E-D4F7397D26EC}.Debug|ARM.Deploy.0 = Debug|iPhone
		{78B911F3-310D-453D-9C6E-D4F7397D26EC}.Debug|iPhone.ActiveCfg = Debug|iPhone
		{78B911F3-310D-453D-9C6E-D4F7397D26EC}.Debug|iPhone.Build.0 = Debug|iPhone
		{78B911F3-310D-453D-9C6E-D4F7397D26EC}.Debug|iPhone.Deploy.0 = Debug|iPhone
		{78B911F3-310D-453D-9C6E-D4F7397D26EC}.Debug|iPhoneSimulator.ActiveCfg = Debug|iPhoneSimulator
		{78B911F3-310D-453D-9C6E-D4F7397D26EC}.Debug|iPhoneSimulator.Build.0 = Debug|iPhoneSimulator
		{78B911F3-310D-453D-9C6E-D4F7397D26EC}.Debug|iPhoneSimulator.Deploy.0 = Debug|iPhoneSimulator
		{78B911F3-310D-453D-9C6E-D4F7397D26EC}.Debug|x64.ActiveCfg = Debug|iPhone
		{78B911F3-310D-453D-9C6E-D4F7397D26EC}.Debug|x64.Build.0 = Debug|iPhone
		{78B911F3-310D-453D-9C6E-D4F7397D26EC}.Debug|x64.Deploy.0 = Debug|iPhone
		{78B911F3-310D-453D-9C6E-D4F7397D26EC}.Debug|x86.ActiveCfg = Debug|iPhone
		{78B911F3-310D-453D-9C6E-D4F7397D26EC}.Debug|x86.Build.0 = Debug|iPhone
		{78B911F3-310D-453D-9C6E-D4F7397D26EC}.Debug|x86.Deploy.0 = Debug|iPhone
		{78B911F3-310D-453D-9C6E-D4F7397D26EC}.Release|Any CPU.ActiveCfg = Release|iPhone
		{78B911F3-310D-453D-9C6E-D4F7397D26EC}.Release|Any CPU.Build.0 = Release|iPhone
		{78B911F3-310D-453D-9C6E-D4F7397D26EC}.Release|Any CPU.Deploy.0 = Release|iPhone
		{78B911F3-310D-453D-9C6E-D4F7397D26EC}.Release|ARM.ActiveCfg = Release|iPhone
		{78B911F3-310D-453D-9C6E-D4F7397D26EC}.Release|ARM.Build.0 = Release|iPhone
		{78B911F3-310D-453D-9C6E-D4F7397D26EC}.Release|ARM.Deploy.0 = Release|iPhone
		{78B911F3-310D-453D-9C6E-D4F7397D26EC}.Release|iPhone.ActiveCfg = Release|iPhone
		{78B911F3-310D-453D-9C6E-D4F7397D26EC}.Release|iPhone.Build.0 = Release|iPhone
		{78B911F3-310D-453D-9C6E-D4F7397D26EC}.Release|iPhone.Deploy.0 = Release|iPhone
		{78B911F3-310D-453D-9C6E-D4F7397D26EC}.Release|iPhoneSimulator.ActiveCfg = Release|iPhoneSimulator
		{78B911F3-310D-453D-9C6E-D4F7397D26EC}.Release|iPhoneSimulator.Build.0 = Release|iPhoneSimulator
		{78B911F3-310D-453D-9C6E-D4F7397D26EC}.Release|iPhoneSimulator.Deploy.0 = Release|iPhoneSimulator
		{78B911F3-310D-453D-9C6E-D4F7397D26EC}.Release|x64.ActiveCfg = Release|iPhone
		{78B911F3-310D-453D-9C6E-D4F7397D26EC}.Release|x64.Build.0 = Release|iPhone
		{78B911F3-310D-453D-9C6E-D4F7397D26EC}.Release|x64.Deploy.0 = Release|iPhone
		{78B911F3-310D-453D-9C6E-D4F7397D26EC}.Release|x86.ActiveCfg = Release|iPhone
		{78B911F3-310D-453D-9C6E-D4F7397D26EC}.Release|x86.Build.0 = Release|iPhone
		{78B911F3-310D-453D-9C6E-D4F7397D26EC}.Release|x86.Deploy.0 = Release|iPhone
		{6101FBF5-9A85-4E5C-8E78-8F21638F09C3}.Ad-Hoc|Any CPU.ActiveCfg = Release|x86
		{6101FBF5-9A85-4E5C-8E78-8F21638F09C3}.Ad-Hoc|Any CPU.Build.0 = Release|x86
		{6101FBF5-9A85-4E5C-8E78-8F21638F09C3}.Ad-Hoc|Any CPU.Deploy.0 = Release|x86
		{6101FBF5-9A85-4E5C-8E78-8F21638F09C3}.Ad-Hoc|ARM.ActiveCfg = Release|ARM
		{6101FBF5-9A85-4E5C-8E78-8F21638F09C3}.Ad-Hoc|ARM.Build.0 = Release|ARM
		{6101FBF5-9A85-4E5C-8E78-8F21638F09C3}.Ad-Hoc|ARM.Deploy.0 = Release|ARM
		{6101FBF5-9A85-4E5C-8E78-8F21638F09C3}.Ad-Hoc|iPhone.ActiveCfg = Release|x86
		{6101FBF5-9A85-4E5C-8E78-8F21638F09C3}.Ad-Hoc|iPhone.Build.0 = Release|x86
		{6101FBF5-9A85-4E5C-8E78-8F21638F09C3}.Ad-Hoc|iPhone.Deploy.0 = Release|x86
		{6101FBF5-9A85-4E5C-8E78-8F21638F09C3}.Ad-Hoc|iPhoneSimulator.ActiveCfg = Release|x86
		{6101FBF5-9A85-4E5C-8E78-8F21638F09C3}.Ad-Hoc|iPhoneSimulator.Build.0 = Release|x86
		{6101FBF5-9A85-4E5C-8E78-8F21638F09C3}.Ad-Hoc|iPhoneSimulator.Deploy.0 = Release|x86
		{6101FBF5-9A85-4E5C-8E78-8F21638F09C3}.Ad-Hoc|x64.ActiveCfg = Release|x64
		{6101FBF5-9A85-4E5C-8E78-8F21638F09C3}.Ad-Hoc|x64.Build.0 = Release|x64
		{6101FBF5-9A85-4E5C-8E78-8F21638F09C3}.Ad-Hoc|x64.Deploy.0 = Release|x64
		{6101FBF5-9A85-4E5C-8E78-8F21638F09C3}.Ad-Hoc|x86.ActiveCfg = Release|x86
		{6101FBF5-9A85-4E5C-8E78-8F21638F09C3}.Ad-Hoc|x86.Build.0 = Release|x86
		{6101FBF5-9A85-4E5C-8E78-8F21638F09C3}.Ad-Hoc|x86.Deploy.0 = Release|x86
		{6101FBF5-9A85-4E5C-8E78-8F21638F09C3}.AppStore|Any CPU.ActiveCfg = Release|x86
		{6101FBF5-9A85-4E5C-8E78-8F21638F09C3}.AppStore|Any CPU.Build.0 = Release|x86
		{6101FBF5-9A85-4E5C-8E78-8F21638F09C3}.AppStore|Any CPU.Deploy.0 = Release|x86
		{6101FBF5-9A85-4E5C-8E78-8F21638F09C3}.AppStore|ARM.ActiveCfg = Release|ARM
		{6101FBF5-9A85-4E5C-8E78-8F21638F09C3}.AppStore|ARM.Build.0 = Release|ARM
		{6101FBF5-9A85-4E5C-8E78-8F21638F09C3}.AppStore|ARM.Deploy.0 = Release|ARM
		{6101FBF5-9A85-4E5C-8E78-8F21638F09C3}.AppStore|iPhone.ActiveCfg = Release|x86
		{6101FBF5-9A85-4E5C-8E78-8F21638F09C3}.AppStore|iPhone.Build.0 = Release|x86
		{6101FBF5-9A85-4E5C-8E78-8F21638F09C3}.AppStore|iPhone.Deploy.0 = Release|x86
		{6101FBF5-9A85-4E5C-8E78-8F21638F09C3}.AppStore|iPhoneSimulator.ActiveCfg = Release|x86
		{6101FBF5-9A85-4E5C-8E78-8F21638F09C3}.AppStore|iPhoneSimulator.Build.0 = Release|x86
		{6101FBF5-9A85-4E5C-8E78-8F21638F09C3}.AppStore|iPhoneSimulator.Deploy.0 = Release|x86
		{6101FBF5-9A85-4E5C-8E78-8F21638F09C3}.AppStore|x64.ActiveCfg = Release|x64
		{6101FBF5-9A85-4E5C-8E78-8F21638F09C3}.AppStore|x64.Build.0 = Release|x64
		{6101FBF5-9A85-4E5C-8E78-8F21638F09C3}.AppStore|x64.Deploy.0 = Release|x64
		{6101FBF5-9A85-4E5C-8E78-8F21638F09C3}.AppStore|x86.ActiveCfg = Release|x86
		{6101FBF5-9A85-4E5C-8E78-8F21638F09C3}.AppStore|x86.Build.0 = Release|x86
		{6101FBF5-9A85-4E5C-8E78-8F21638F09C3}.AppStore|x86.Deploy.0 = Release|x86
		{6101FBF5-9A85-4E5C-8E78-8F21638F09C3}.Debug|Any CPU.ActiveCfg = Debug|x86
		{6101FBF5-9A85-4E5C-8E78-8F21638F09C3}.Debug|Any CPU.Build.0 = Debug|x86
		{6101FBF5-9A85-4E5C-8E78-8F21638F09C3}.Debug|Any CPU.Deploy.0 = Debug|x86
		{6101FBF5-9A85-4E5C-8E78-8F21638F09C3}.Debug|ARM.ActiveCfg = Debug|ARM
		{6101FBF5-9A85-4E5C-8E78-8F21638F09C3}.Debug|ARM.Build.0 = Debug|ARM
		{6101FBF5-9A85-4E5C-8E78-8F21638F09C3}.Debug|ARM.Deploy.0 = Debug|ARM
		{6101FBF5-9A85-4E5C-8E78-8F21638F09C3}.Debug|iPhone.ActiveCfg = Debug|x86
		{6101FBF5-9A85-4E5C-8E78-8F21638F09C3}.Debug|iPhone.Build.0 = Debug|x86
		{6101FBF5-9A85-4E5C-8E78-8F21638F09C3}.Debug|iPhone.Deploy.0 = Debug|x86
		{6101FBF5-9A85-4E5C-8E78-8F21638F09C3}.Debug|iPhoneSimulator.ActiveCfg = Debug|x86
		{6101FBF5-9A85-4E5C-8E78-8F21638F09C3}.Debug|iPhoneSimulator.Build.0 = Debug|x86
		{6101FBF5-9A85-4E5C-8E78-8F21638F09C3}.Debug|iPhoneSimulator.Deploy.0 = Debug|x86
		{6101FBF5-9A85-4E5C-8E78-8F21638F09C3}.Debug|x64.ActiveCfg = Debug|x64
		{6101FBF5-9A85-4E5C-8E78-8F21638F09C3}.Debug|x64.Build.0 = Debug|x64
		{6101FBF5-9A85-4E5C-8E78-8F21638F09C3}.Debug|x64.Deploy.0 = Debug|x64
		{6101FBF5-9A85-4E5C-8E78-8F21638F09C3}.Debug|x86.ActiveCfg = Debug|x86
		{6101FBF5-9A85-4E5C-8E78-8F21638F09C3}.Debug|x86.Build.0 = Debug|x86
		{6101FBF5-9A85-4E5C-8E78-8F21638F09C3}.Debug|x86.Deploy.0 = Debug|x86
		{6101FBF5-9A85-4E5C-8E78-8F21638F09C3}.Release|Any CPU.ActiveCfg = Release|x86
		{6101FBF5-9A85-4E5C-8E78-8F21638F09C3}.Release|Any CPU.Build.0 = Release|x86
		{6101FBF5-9A85-4E5C-8E78-8F21638F09C3}.Release|Any CPU.Deploy.0 = Release|x86
		{6101FBF5-9A85-4E5C-8E78-8F21638F09C3}.Release|ARM.ActiveCfg = Release|ARM
		{6101FBF5-9A85-4E5C-8E78-8F21638F09C3}.Release|ARM.Build.0 = Release|ARM
		{6101FBF5-9A85-4E5C-8E78-8F21638F09C3}.Release|ARM.Deploy.0 = Release|ARM
		{6101FBF5-9A85-4E5C-8E78-8F21638F09C3}.Release|iPhone.ActiveCfg = Release|x86
		{6101FBF5-9A85-4E5C-8E78-8F21638F09C3}.Release|iPhone.Build.0 = Release|x86
		{6101FBF5-9A85-4E5C-8E78-8F21638F09C3}.Release|iPhone.Deploy.0 = Release|x86
		{6101FBF5-9A85-4E5C-8E78-8F21638F09C3}.Release|iPhoneSimulator.ActiveCfg = Release|x86
		{6101FBF5-9A85-4E5C-8E78-8F21638F09C3}.Release|iPhoneSimulator.Build.0 = Release|x86
		{6101FBF5-9A85-4E5C-8E78-8F21638F09C3}.Release|iPhoneSimulator.Deploy.0 = Release|x86
		{6101FBF5-9A85-4E5C-8E78-8F21638F09C3}.Release|x64.ActiveCfg = Release|x64
		{6101FBF5-9A85-4E5C-8E78-8F21638F09C3}.Release|x64.Build.0 = Release|x64
		{6101FBF5-9A85-4E5C-8E78-8F21638F09C3}.Release|x64.Deploy.0 = Release|x64
		{6101FBF5-9A85-4E5C-8E78-8F21638F09C3}.Release|x86.ActiveCfg = Release|x86
		{6101FBF5-9A85-4E5C-8E78-8F21638F09C3}.Release|x86.Build.0 = Release|x86
		{6101FBF5-9A85-4E5C-8E78-8F21638F09C3}.Release|x86.Deploy.0 = Release|x86
		{A5C4DC3C-53E2-4E8F-BA3E-D34065177F24}.Ad-Hoc|Any CPU.ActiveCfg = Debug|Any CPU
		{A5C4DC3C-53E2-4E8F-BA3E-D34065177F24}.Ad-Hoc|Any CPU.Build.0 = Debug|Any CPU
		{A5C4DC3C-53E2-4E8F-BA3E-D34065177F24}.Ad-Hoc|Any CPU.Deploy.0 = Debug|Any CPU
		{A5C4DC3C-53E2-4E8F-BA3E-D34065177F24}.Ad-Hoc|ARM.ActiveCfg = Debug|Any CPU
		{A5C4DC3C-53E2-4E8F-BA3E-D34065177F24}.Ad-Hoc|ARM.Build.0 = Debug|Any CPU
		{A5C4DC3C-53E2-4E8F-BA3E-D34065177F24}.Ad-Hoc|ARM.Deploy.0 = Debug|Any CPU
		{A5C4DC3C-53E2-4E8F-BA3E-D34065177F24}.Ad-Hoc|iPhone.ActiveCfg = Debug|Any CPU
		{A5C4DC3C-53E2-4E8F-BA3E-D34065177F24}.Ad-Hoc|iPhone.Build.0 = Debug|Any CPU
		{A5C4DC3C-53E2-4E8F-BA3E-D34065177F24}.Ad-Hoc|iPhone.Deploy.0 = Debug|Any CPU
		{A5C4DC3C-53E2-4E8F-BA3E-D34065177F24}.Ad-Hoc|iPhoneSimulator.ActiveCfg = Debug|Any CPU
		{A5C4DC3C-53E2-4E8F-BA3E-D34065177F24}.Ad-Hoc|iPhoneSimulator.Build.0 = Debug|Any CPU
		{A5C4DC3C-53E2-4E8F-BA3E-D34065177F24}.Ad-Hoc|iPhoneSimulator.Deploy.0 = Debug|Any CPU
		{A5C4DC3C-53E2-4E8F-BA3E-D34065177F24}.Ad-Hoc|x64.ActiveCfg = Debug|Any CPU
		{A5C4DC3C-53E2-4E8F-BA3E-D34065177F24}.Ad-Hoc|x64.Build.0 = Debug|Any CPU
		{A5C4DC3C-53E2-4E8F-BA3E-D34065177F24}.Ad-Hoc|x64.Deploy.0 = Debug|Any CPU
		{A5C4DC3C-53E2-4E8F-BA3E-D34065177F24}.Ad-Hoc|x86.ActiveCfg = Debug|Any CPU
		{A5C4DC3C-53E2-4E8F-BA3E-D34065177F24}.Ad-Hoc|x86.Build.0 = Debug|Any CPU
		{A5C4DC3C-53E2-4E8F-BA3E-D34065177F24}.Ad-Hoc|x86.Deploy.0 = Debug|Any CPU
		{A5C4DC3C-53E2-4E8F-BA3E-D34065177F24}.AppStore|Any CPU.ActiveCfg = Debug|Any CPU
		{A5C4DC3C-53E2-4E8F-BA3E-D34065177F24}.AppStore|Any CPU.Build.0 = Debug|Any CPU
		{A5C4DC3C-53E2-4E8F-BA3E-D34065177F24}.AppStore|Any CPU.Deploy.0 = Debug|Any CPU
		{A5C4DC3C-53E2-4E8F-BA3E-D34065177F24}.AppStore|ARM.ActiveCfg = Debug|Any CPU
		{A5C4DC3C-53E2-4E8F-BA3E-D34065177F24}.AppStore|ARM.Build.0 = Debug|Any CPU
		{A5C4DC3C-53E2-4E8F-BA3E-D34065177F24}.AppStore|ARM.Deploy.0 = Debug|Any CPU
		{A5C4DC3C-53E2-4E8F-BA3E-D34065177F24}.AppStore|iPhone.ActiveCfg = Debug|Any CPU
		{A5C4DC3C-53E2-4E8F-BA3E-D34065177F24}.AppStore|iPhone.Build.0 = Debug|Any CPU
		{A5C4DC3C-53E2-4E8F-BA3E-D34065177F24}.AppStore|iPhone.Deploy.0 = Debug|Any CPU
		{A5C4DC3C-53E2-4E8F-BA3E-D34065177F24}.AppStore|iPhoneSimulator.ActiveCfg = Debug|Any CPU
		{A5C4DC3C-53E2-4E8F-BA3E-D34065177F24}.AppStore|iPhoneSimulator.Build.0 = Debug|Any CPU
		{A5C4DC3C-53E2-4E8F-BA3E-D34065177F24}.AppStore|iPhoneSimulator.Deploy.0 = Debug|Any CPU
		{A5C4DC3C-53E2-4E8F-BA3E-D34065177F24}.AppStore|x64.ActiveCfg = Debug|Any CPU
		{A5C4DC3C-53E2-4E8F-BA3E-D34065177F24}.AppStore|x64.Build.0 = Debug|Any CPU
		{A5C4DC3C-53E2-4E8F-BA3E-D34065177F24}.AppStore|x64.Deploy.0 = Debug|Any CPU
		{A5C4DC3C-53E2-4E8F-BA3E-D34065177F24}.AppStore|x86.ActiveCfg = Debug|Any CPU
		{A5C4DC3C-53E2-4E8F-BA3E-D34065177F24}.AppStore|x86.Build.0 = Debug|Any CPU
		{A5C4DC3C-53E2-4E8F-BA3E-D34065177F24}.AppStore|x86.Deploy.0 = Debug|Any CPU
		{A5C4DC3C-53E2-4E8F-BA3E-D34065177F24}.Debug|Any CPU.ActiveCfg = Debug|Any CPU
		{A5C4DC3C-53E2-4E8F-BA3E-D34065177F24}.Debug|Any CPU.Build.0 = Debug|Any CPU
		{A5C4DC3C-53E2-4E8F-BA3E-D34065177F24}.Debug|Any CPU.Deploy.0 = Debug|Any CPU
		{A5C4DC3C-53E2-4E8F-BA3E-D34065177F24}.Debug|ARM.ActiveCfg = Debug|Any CPU
		{A5C4DC3C-53E2-4E8F-BA3E-D34065177F24}.Debug|ARM.Build.0 = Debug|Any CPU
		{A5C4DC3C-53E2-4E8F-BA3E-D34065177F24}.Debug|ARM.Deploy.0 = Debug|Any CPU
		{A5C4DC3C-53E2-4E8F-BA3E-D34065177F24}.Debug|iPhone.ActiveCfg = Debug|Any CPU
		{A5C4DC3C-53E2-4E8F-BA3E-D34065177F24}.Debug|iPhone.Build.0 = Debug|Any CPU
		{A5C4DC3C-53E2-4E8F-BA3E-D34065177F24}.Debug|iPhone.Deploy.0 = Debug|Any CPU
		{A5C4DC3C-53E2-4E8F-BA3E-D34065177F24}.Debug|iPhoneSimulator.ActiveCfg = Debug|Any CPU
		{A5C4DC3C-53E2-4E8F-BA3E-D34065177F24}.Debug|iPhoneSimulator.Build.0 = Debug|Any CPU
		{A5C4DC3C-53E2-4E8F-BA3E-D34065177F24}.Debug|iPhoneSimulator.Deploy.0 = Debug|Any CPU
		{A5C4DC3C-53E2-4E8F-BA3E-D34065177F24}.Debug|x64.ActiveCfg = Debug|Any CPU
		{A5C4DC3C-53E2-4E8F-BA3E-D34065177F24}.Debug|x64.Build.0 = Debug|Any CPU
		{A5C4DC3C-53E2-4E8F-BA3E-D34065177F24}.Debug|x64.Deploy.0 = Debug|Any CPU
		{A5C4DC3C-53E2-4E8F-BA3E-D34065177F24}.Debug|x86.ActiveCfg = Debug|Any CPU
		{A5C4DC3C-53E2-4E8F-BA3E-D34065177F24}.Debug|x86.Build.0 = Debug|Any CPU
		{A5C4DC3C-53E2-4E8F-BA3E-D34065177F24}.Debug|x86.Deploy.0 = Debug|Any CPU
		{A5C4DC3C-53E2-4E8F-BA3E-D34065177F24}.Release|Any CPU.ActiveCfg = Release|Any CPU
		{A5C4DC3C-53E2-4E8F-BA3E-D34065177F24}.Release|Any CPU.Build.0 = Release|Any CPU
		{A5C4DC3C-53E2-4E8F-BA3E-D34065177F24}.Release|Any CPU.Deploy.0 = Release|Any CPU
		{A5C4DC3C-53E2-4E8F-BA3E-D34065177F24}.Release|ARM.ActiveCfg = Release|Any CPU
		{A5C4DC3C-53E2-4E8F-BA3E-D34065177F24}.Release|ARM.Build.0 = Release|Any CPU
		{A5C4DC3C-53E2-4E8F-BA3E-D34065177F24}.Release|ARM.Deploy.0 = Release|Any CPU
		{A5C4DC3C-53E2-4E8F-BA3E-D34065177F24}.Release|iPhone.ActiveCfg = Release|Any CPU
		{A5C4DC3C-53E2-4E8F-BA3E-D34065177F24}.Release|iPhone.Build.0 = Release|Any CPU
		{A5C4DC3C-53E2-4E8F-BA3E-D34065177F24}.Release|iPhone.Deploy.0 = Release|Any CPU
		{A5C4DC3C-53E2-4E8F-BA3E-D34065177F24}.Release|iPhoneSimulator.ActiveCfg = Release|Any CPU
		{A5C4DC3C-53E2-4E8F-BA3E-D34065177F24}.Release|iPhoneSimulator.Build.0 = Release|Any CPU
		{A5C4DC3C-53E2-4E8F-BA3E-D34065177F24}.Release|iPhoneSimulator.Deploy.0 = Release|Any CPU
		{A5C4DC3C-53E2-4E8F-BA3E-D34065177F24}.Release|x64.ActiveCfg = Release|Any CPU
		{A5C4DC3C-53E2-4E8F-BA3E-D34065177F24}.Release|x64.Build.0 = Release|Any CPU
		{A5C4DC3C-53E2-4E8F-BA3E-D34065177F24}.Release|x64.Deploy.0 = Release|Any CPU
		{A5C4DC3C-53E2-4E8F-BA3E-D34065177F24}.Release|x86.ActiveCfg = Release|Any CPU
		{A5C4DC3C-53E2-4E8F-BA3E-D34065177F24}.Release|x86.Build.0 = Release|Any CPU
		{A5C4DC3C-53E2-4E8F-BA3E-D34065177F24}.Release|x86.Deploy.0 = Release|Any CPU
	EndGlobalSection
	GlobalSection(SolutionProperties) = preSolution
		HideSolutionNode = FALSE
	EndGlobalSection
	GlobalSection(ExtensibilityGlobals) = postSolution
		SolutionGuid = {C6D5C266-A024-4F7D-8BCF-39A8931A173D}
	EndGlobalSection
EndGlobal
